// !$*UTF8*$!
{
	archiveVersion = 1;
	classes = {
	};
	objectVersion = 77;
	objects = {

/* Begin PBXBuildFile section */
		EA00AB492EB8D4480025B081 /* ShaderGraphCoder in Frameworks */ = {isa = PBXBuildFile; productRef = EA00AB482EB8D4480025B081 /* ShaderGraphCoder */; };
		EA20CC702EB8B4E000555555 /* RealityKitContent in Frameworks */ = {isa = PBXBuildFile; productRef = EA20CC6F2EB8B4E000555555 /* RealityKitContent */; };
		EA22AC832F01730000C5F1D2 /* MetalProjection in Frameworks */ = {isa = PBXBuildFile; productRef = EA22AC822F01730000C5F1D2 /* MetalProjection */; };
		EA7F78182ED486EE00459707 /* ShaderGraphCoder in Frameworks */ = {isa = PBXBuildFile; productRef = EA7F78172ED486EE00459707 /* ShaderGraphCoder */; };
/* End PBXBuildFile section */

/* Begin PBXFileReference section */
		EA10E7852ED4650E00E3CCD0 /* MetalLighting.app */ = {isa = PBXFileReference; explicitFileType = wrapper.application; includeInIndex = 0; path = MetalLighting.app; sourceTree = BUILT_PRODUCTS_DIR; };
		EA20CC6A2EB8B4E000555555 /* MetalProjectionForRealityKit.app */ = {isa = PBXFileReference; explicitFileType = wrapper.application; includeInIndex = 0; path = MetalProjectionForRealityKit.app; sourceTree = BUILT_PRODUCTS_DIR; };
		EA20CC6E2EB8B4E000555555 /* RealityKitContent */ = {isa = PBXFileReference; lastKnownFileType = wrapper; path = RealityKitContent; sourceTree = "<group>"; };
		EA22AC812F0171F600C5F1D2 /* MetalProjection */ = {isa = PBXFileReference; lastKnownFileType = wrapper; path = MetalProjection; sourceTree = "<group>"; };
/* End PBXFileReference section */

/* Begin PBXFileSystemSynchronizedBuildFileExceptionSet section */
		EA10E7942ED4651000E3CCD0 /* Exceptions for "MetalLighting" folder in "MetalLighting" target */ = {
			isa = PBXFileSystemSynchronizedBuildFileExceptionSet;
			membershipExceptions = (
				Info.plist,
			);
			target = EA10E7842ED4650E00E3CCD0 /* MetalLighting */;
		};
		EA20CC7A2EB8B4E200555555 /* Exceptions for "MetalProjectionForRealityKit" folder in "MetalProjectionForRealityKit" target */ = {
			isa = PBXFileSystemSynchronizedBuildFileExceptionSet;
			membershipExceptions = (
				Info.plist,
			);
			target = EA20CC692EB8B4E000555555 /* MetalProjectionForRealityKit */;
		};
/* End PBXFileSystemSynchronizedBuildFileExceptionSet section */

/* Begin PBXFileSystemSynchronizedGroupBuildPhaseMembershipExceptionSet section */
		EA00AB4E2EB8D70E0025B081 /* Exceptions for "MetalProjectionForRealityKit" folder in "Compile Sources" phase from "MetalProjectionForRealityKit" target */ = {
			isa = PBXFileSystemSynchronizedGroupBuildPhaseMembershipExceptionSet;
			buildPhase = EA20CC662EB8B4E000555555 /* Sources */;
			membershipExceptions = (
				BridgingHeader.h,
				Shaders.h,
			);
		};
/* End PBXFileSystemSynchronizedGroupBuildPhaseMembershipExceptionSet section */

/* Begin PBXFileSystemSynchronizedRootGroup section */
		EA10E7862ED4650E00E3CCD0 /* MetalLighting */ = {
			isa = PBXFileSystemSynchronizedRootGroup;
			exceptions = (
				EA10E7942ED4651000E3CCD0 /* Exceptions for "MetalLighting" folder in "MetalLighting" target */,
			);
			path = MetalLighting;
			sourceTree = "<group>";
		};
		EA20CC6C2EB8B4E000555555 /* MetalProjectionForRealityKit */ = {
			isa = PBXFileSystemSynchronizedRootGroup;
			exceptions = (
				EA20CC7A2EB8B4E200555555 /* Exceptions for "MetalProjectionForRealityKit" folder in "MetalProjectionForRealityKit" target */,
				EA00AB4E2EB8D70E0025B081 /* Exceptions for "MetalProjectionForRealityKit" folder in "Compile Sources" phase from "MetalProjectionForRealityKit" target */,
			);
			path = MetalProjectionForRealityKit;
			sourceTree = "<group>";
		};
/* End PBXFileSystemSynchronizedRootGroup section */

/* Begin PBXFrameworksBuildPhase section */
		EA10E7822ED4650E00E3CCD0 /* Frameworks */ = {
			isa = PBXFrameworksBuildPhase;
			buildActionMask = 2147483647;
			files = (
				EA7F78182ED486EE00459707 /* ShaderGraphCoder in Frameworks */,
				EA22AC832F01730000C5F1D2 /* MetalProjection in Frameworks */,
			);
			runOnlyForDeploymentPostprocessing = 0;
		};
		EA20CC672EB8B4E000555555 /* Frameworks */ = {
			isa = PBXFrameworksBuildPhase;
			buildActionMask = 2147483647;
			files = (
				EA00AB492EB8D4480025B081 /* ShaderGraphCoder in Frameworks */,
				EA20CC702EB8B4E000555555 /* RealityKitContent in Frameworks */,
			);
			runOnlyForDeploymentPostprocessing = 0;
		};
/* End PBXFrameworksBuildPhase section */

/* Begin PBXGroup section */
		EA20CC612EB8B4E000555555 = {
			isa = PBXGroup;
			children = (
				EA20CC6C2EB8B4E000555555 /* MetalProjectionForRealityKit */,
				EA20CC6D2EB8B4E000555555 /* Packages */,
				EA10E7862ED4650E00E3CCD0 /* MetalLighting */,
				EA7F78162ED486EE00459707 /* Frameworks */,
				EA20CC6B2EB8B4E000555555 /* Products */,
			);
			sourceTree = "<group>";
		};
		EA20CC6B2EB8B4E000555555 /* Products */ = {
			isa = PBXGroup;
			children = (
				EA20CC6A2EB8B4E000555555 /* MetalProjectionForRealityKit.app */,
				EA10E7852ED4650E00E3CCD0 /* MetalLighting.app */,
			);
			name = Products;
			sourceTree = "<group>";
		};
		EA20CC6D2EB8B4E000555555 /* Packages */ = {
			isa = PBXGroup;
			children = (
				EA20CC6E2EB8B4E000555555 /* RealityKitContent */,
				EA22AC812F0171F600C5F1D2 /* MetalProjection */,
			);
			path = Packages;
			sourceTree = "<group>";
		};
		EA7F78162ED486EE00459707 /* Frameworks */ = {
			isa = PBXGroup;
			children = (
			);
			name = Frameworks;
			sourceTree = "<group>";
		};
/* End PBXGroup section */

/* Begin PBXNativeTarget section */
		EA10E7842ED4650E00E3CCD0 /* MetalLighting */ = {
			isa = PBXNativeTarget;
			buildConfigurationList = EA10E7952ED4651000E3CCD0 /* Build configuration list for PBXNativeTarget "MetalLighting" */;
			buildPhases = (
				EA10E7812ED4650E00E3CCD0 /* Sources */,
				EA10E7822ED4650E00E3CCD0 /* Frameworks */,
				EA10E7832ED4650E00E3CCD0 /* Resources */,
			);
			buildRules = (
			);
			dependencies = (
			);
			fileSystemSynchronizedGroups = (
				EA10E7862ED4650E00E3CCD0 /* MetalLighting */,
			);
			name = MetalLighting;
			packageProductDependencies = (
				EA7F78172ED486EE00459707 /* ShaderGraphCoder */,
				EA22AC822F01730000C5F1D2 /* MetalProjection */,
			);
			productName = MetalLighting;
			productReference = EA10E7852ED4650E00E3CCD0 /* MetalLighting.app */;
			productType = "com.apple.product-type.application";
		};
		EA20CC692EB8B4E000555555 /* MetalProjectionForRealityKit */ = {
			isa = PBXNativeTarget;
			buildConfigurationList = EA20CC7B2EB8B4E200555555 /* Build configuration list for PBXNativeTarget "MetalProjectionForRealityKit" */;
			buildPhases = (
				EA20CC662EB8B4E000555555 /* Sources */,
				EA20CC672EB8B4E000555555 /* Frameworks */,
				EA20CC682EB8B4E000555555 /* Resources */,
			);
			buildRules = (
			);
			dependencies = (
			);
			fileSystemSynchronizedGroups = (
				EA20CC6C2EB8B4E000555555 /* MetalProjectionForRealityKit */,
			);
			name = MetalProjectionForRealityKit;
			packageProductDependencies = (
				EA20CC6F2EB8B4E000555555 /* RealityKitContent */,
				EA00AB482EB8D4480025B081 /* ShaderGraphCoder */,
			);
			productName = MetalProjectionForRealityKit;
			productReference = EA20CC6A2EB8B4E000555555 /* MetalProjectionForRealityKit.app */;
			productType = "com.apple.product-type.application";
		};
/* End PBXNativeTarget section */

/* Begin PBXProject section */
		EA20CC622EB8B4E000555555 /* Project object */ = {
			isa = PBXProject;
			attributes = {
				BuildIndependentTargetsInParallel = 1;
				LastSwiftUpdateCheck = 2620;
				LastUpgradeCheck = 2610;
				TargetAttributes = {
					EA10E7842ED4650E00E3CCD0 = {
						CreatedOnToolsVersion = 26.2;
					};
					EA20CC692EB8B4E000555555 = {
						CreatedOnToolsVersion = 26.1;
					};
				};
			};
			buildConfigurationList = EA20CC652EB8B4E000555555 /* Build configuration list for PBXProject "MetalProjectionForRealityKit" */;
			developmentRegion = en;
			hasScannedForEncodings = 0;
			knownRegions = (
				en,
				Base,
			);
			mainGroup = EA20CC612EB8B4E000555555;
			minimizedProjectReferenceProxies = 1;
			packageReferences = (
				EA00AB472EB8D4480025B081 /* XCRemoteSwiftPackageReference "ShaderGraphCoder" */,
			);
			preferredProjectObjectVersion = 77;
			productRefGroup = EA20CC6B2EB8B4E000555555 /* Products */;
			projectDirPath = "";
			projectRoot = "";
			targets = (
				EA20CC692EB8B4E000555555 /* MetalProjectionForRealityKit */,
				EA10E7842ED4650E00E3CCD0 /* MetalLighting */,
			);
		};
/* End PBXProject section */

/* Begin PBXResourcesBuildPhase section */
		EA10E7832ED4650E00E3CCD0 /* Resources */ = {
			isa = PBXResourcesBuildPhase;
			buildActionMask = 2147483647;
			files = (
			);
			runOnlyForDeploymentPostprocessing = 0;
		};
		EA20CC682EB8B4E000555555 /* Resources */ = {
			isa = PBXResourcesBuildPhase;
			buildActionMask = 2147483647;
			files = (
			);
			runOnlyForDeploymentPostprocessing = 0;
		};
/* End PBXResourcesBuildPhase section */

/* Begin PBXSourcesBuildPhase section */
		EA10E7812ED4650E00E3CCD0 /* Sources */ = {
			isa = PBXSourcesBuildPhase;
			buildActionMask = 2147483647;
			files = (
			);
			runOnlyForDeploymentPostprocessing = 0;
		};
		EA20CC662EB8B4E000555555 /* Sources */ = {
			isa = PBXSourcesBuildPhase;
			buildActionMask = 2147483647;
			files = (
			);
			runOnlyForDeploymentPostprocessing = 0;
		};
/* End PBXSourcesBuildPhase section */

/* Begin XCBuildConfiguration section */
		EA10E7922ED4651000E3CCD0 /* Debug */ = {
			isa = XCBuildConfiguration;
			buildSettings = {
				ASSETCATALOG_COMPILER_APPICON_NAME = AppIcon;
				ASSETCATALOG_COMPILER_GLOBAL_ACCENT_COLOR_NAME = AccentColor;
				CODE_SIGN_STYLE = Automatic;
				CURRENT_PROJECT_VERSION = 1;
				DEVELOPMENT_TEAM = FPZK4WRGW7;
				ENABLE_PREVIEWS = YES;
				GENERATE_INFOPLIST_FILE = YES;
				INFOPLIST_FILE = "$(TARGET_NAME)/Info.plist";
				LD_RUNPATH_SEARCH_PATHS = (
					"$(inherited)",
					"@executable_path/Frameworks",
				);
				MARKETING_VERSION = 1.0;
				PRODUCT_BUNDLE_IDENTIFIER = jp.banjun.DMXController.MetalLighting;
				PRODUCT_NAME = "$(TARGET_NAME)";
				STRING_CATALOG_GENERATE_SYMBOLS = YES;
				SUPPORTED_PLATFORMS = "xros xrsimulator";
				SWIFT_APPROACHABLE_CONCURRENCY = YES;
				SWIFT_DEFAULT_ACTOR_ISOLATION = MainActor;
				SWIFT_EMIT_LOC_STRINGS = YES;
				SWIFT_UPCOMING_FEATURE_MEMBER_IMPORT_VISIBILITY = YES;
				SWIFT_VERSION = 5.0;
				TARGETED_DEVICE_FAMILY = 7;
				XROS_DEPLOYMENT_TARGET = 26.2;
			};
			name = Debug;
		};
		EA10E7932ED4651000E3CCD0 /* Release */ = {
			isa = XCBuildConfiguration;
			buildSettings = {
				ASSETCATALOG_COMPILER_APPICON_NAME = AppIcon;
				ASSETCATALOG_COMPILER_GLOBAL_ACCENT_COLOR_NAME = AccentColor;
				CODE_SIGN_STYLE = Automatic;
				CURRENT_PROJECT_VERSION = 1;
				DEVELOPMENT_TEAM = FPZK4WRGW7;
				ENABLE_PREVIEWS = YES;
				GENERATE_INFOPLIST_FILE = YES;
				INFOPLIST_FILE = "$(TARGET_NAME)/Info.plist";
				LD_RUNPATH_SEARCH_PATHS = (
					"$(inherited)",
					"@executable_path/Frameworks",
				);
				MARKETING_VERSION = 1.0;
				PRODUCT_BUNDLE_IDENTIFIER = jp.banjun.DMXController.MetalLighting;
				PRODUCT_NAME = "$(TARGET_NAME)";
				STRING_CATALOG_GENERATE_SYMBOLS = YES;
				SUPPORTED_PLATFORMS = "xros xrsimulator";
				SWIFT_APPROACHABLE_CONCURRENCY = YES;
				SWIFT_DEFAULT_ACTOR_ISOLATION = MainActor;
				SWIFT_EMIT_LOC_STRINGS = YES;
				SWIFT_UPCOMING_FEATURE_MEMBER_IMPORT_VISIBILITY = YES;
				SWIFT_VERSION = 5.0;
				TARGETED_DEVICE_FAMILY = 7;
				XROS_DEPLOYMENT_TARGET = 26.2;
			};
			name = Release;
		};
		EA20CC7C2EB8B4E200555555 /* Debug */ = {
			isa = XCBuildConfiguration;
			buildSettings = {
				ASSETCATALOG_COMPILER_APPICON_NAME = AppIcon;
				ASSETCATALOG_COMPILER_GLOBAL_ACCENT_COLOR_NAME = AccentColor;
				CODE_SIGN_STYLE = Automatic;
				CURRENT_PROJECT_VERSION = 1;
				DEVELOPMENT_TEAM = FPZK4WRGW7;
				ENABLE_PREVIEWS = YES;
				GENERATE_INFOPLIST_FILE = YES;
				INFOPLIST_FILE = "$(TARGET_NAME)/Info.plist";
				LD_RUNPATH_SEARCH_PATHS = (
					"$(inherited)",
					"@executable_path/Frameworks",
				);
				MARKETING_VERSION = 1.0;
				PRODUCT_BUNDLE_IDENTIFIER = jp.banjun.exp.MetalProjectionForRealityKit;
				PRODUCT_NAME = "$(TARGET_NAME)";
				STRING_CATALOG_GENERATE_SYMBOLS = YES;
				SUPPORTED_PLATFORMS = "xros xrsimulator";
				SWIFT_APPROACHABLE_CONCURRENCY = YES;
				SWIFT_DEFAULT_ACTOR_ISOLATION = MainActor;
				SWIFT_EMIT_LOC_STRINGS = YES;
				SWIFT_OBJC_BRIDGING_HEADER = MetalProjectionForRealityKit/BridgingHeader.h;
				SWIFT_UPCOMING_FEATURE_MEMBER_IMPORT_VISIBILITY = YES;
				SWIFT_VERSION = 5.0;
				TARGETED_DEVICE_FAMILY = 7;
			};
			name = Debug;
		};
		EA20CC7D2EB8B4E200555555 /* Release */ = {
			isa = XCBuildConfiguration;
			buildSettings = {
				ASSETCATALOG_COMPILER_APPICON_NAME = AppIcon;
				ASSETCATALOG_COMPILER_GLOBAL_ACCENT_COLOR_NAME = AccentColor;
				CODE_SIGN_STYLE = Automatic;
				CURRENT_PROJECT_VERSION = 1;
				DEVELOPMENT_TEAM = FPZK4WRGW7;
				ENABLE_PREVIEWS = YES;
				GENERATE_INFOPLIST_FILE = YES;
				INFOPLIST_FILE = "$(TARGET_NAME)/Info.plist";
				LD_RUNPATH_SEARCH_PATHS = (
					"$(inherited)",
					"@executable_path/Frameworks",
				);
				MARKETING_VERSION = 1.0;
				PRODUCT_BUNDLE_IDENTIFIER = jp.banjun.exp.MetalProjectionForRealityKit;
				PRODUCT_NAME = "$(TARGET_NAME)";
				STRING_CATALOG_GENERATE_SYMBOLS = YES;
				SUPPORTED_PLATFORMS = "xros xrsimulator";
				SWIFT_APPROACHABLE_CONCURRENCY = YES;
				SWIFT_DEFAULT_ACTOR_ISOLATION = MainActor;
				SWIFT_EMIT_LOC_STRINGS = YES;
				SWIFT_OBJC_BRIDGING_HEADER = MetalProjectionForRealityKit/BridgingHeader.h;
				SWIFT_UPCOMING_FEATURE_MEMBER_IMPORT_VISIBILITY = YES;
				SWIFT_VERSION = 5.0;
				TARGETED_DEVICE_FAMILY = 7;
			};
			name = Release;
		};
		EA20CC7E2EB8B4E200555555 /* Debug */ = {
			isa = XCBuildConfiguration;
			buildSettings = {
				ALWAYS_SEARCH_USER_PATHS = NO;
				ASSETCATALOG_COMPILER_GENERATE_SWIFT_ASSET_SYMBOL_EXTENSIONS = YES;
				CLANG_ANALYZER_NONNULL = YES;
				CLANG_ANALYZER_NUMBER_OBJECT_CONVERSION = YES_AGGRESSIVE;
				CLANG_CXX_LANGUAGE_STANDARD = "gnu++20";
				CLANG_ENABLE_MODULES = YES;
				CLANG_ENABLE_OBJC_ARC = YES;
				CLANG_ENABLE_OBJC_WEAK = YES;
				CLANG_WARN_BLOCK_CAPTURE_AUTORELEASING = YES;
				CLANG_WARN_BOOL_CONVERSION = YES;
				CLANG_WARN_COMMA = YES;
				CLANG_WARN_CONSTANT_CONVERSION = YES;
				CLANG_WARN_DEPRECATED_OBJC_IMPLEMENTATIONS = YES;
				CLANG_WARN_DIRECT_OBJC_ISA_USAGE = YES_ERROR;
				CLANG_WARN_DOCUMENTATION_COMMENTS = YES;
				CLANG_WARN_EMPTY_BODY = YES;
				CLANG_WARN_ENUM_CONVERSION = YES;
				CLANG_WARN_INFINITE_RECURSION = YES;
				CLANG_WARN_INT_CONVERSION = YES;
				CLANG_WARN_NON_LITERAL_NULL_CONVERSION = YES;
				CLANG_WARN_OBJC_IMPLICIT_RETAIN_SELF = YES;
				CLANG_WARN_OBJC_LITERAL_CONVERSION = YES;
				CLANG_WARN_OBJC_ROOT_CLASS = YES_ERROR;
				CLANG_WARN_QUOTED_INCLUDE_IN_FRAMEWORK_HEADER = YES;
				CLANG_WARN_RANGE_LOOP_ANALYSIS = YES;
				CLANG_WARN_STRICT_PROTOTYPES = YES;
				CLANG_WARN_SUSPICIOUS_MOVE = YES;
				CLANG_WARN_UNGUARDED_AVAILABILITY = YES_AGGRESSIVE;
				CLANG_WARN_UNREACHABLE_CODE = YES;
				CLANG_WARN__DUPLICATE_METHOD_MATCH = YES;
				COPY_PHASE_STRIP = NO;
				DEBUG_INFORMATION_FORMAT = dwarf;
				DEVELOPMENT_TEAM = FPZK4WRGW7;
				ENABLE_STRICT_OBJC_MSGSEND = YES;
				ENABLE_TESTABILITY = YES;
				ENABLE_USER_SCRIPT_SANDBOXING = YES;
				GCC_C_LANGUAGE_STANDARD = gnu17;
				GCC_DYNAMIC_NO_PIC = NO;
				GCC_NO_COMMON_BLOCKS = YES;
				GCC_OPTIMIZATION_LEVEL = 0;
				GCC_PREPROCESSOR_DEFINITIONS = (
					"DEBUG=1",
					"$(inherited)",
				);
				GCC_WARN_64_TO_32_BIT_CONVERSION = YES;
				GCC_WARN_ABOUT_RETURN_TYPE = YES_ERROR;
				GCC_WARN_UNDECLARED_SELECTOR = YES;
				GCC_WARN_UNINITIALIZED_AUTOS = YES_AGGRESSIVE;
				GCC_WARN_UNUSED_FUNCTION = YES;
				GCC_WARN_UNUSED_VARIABLE = YES;
				LOCALIZATION_PREFERS_STRING_CATALOGS = YES;
				MTL_ENABLE_DEBUG_INFO = INCLUDE_SOURCE;
				MTL_FAST_MATH = YES;
				ONLY_ACTIVE_ARCH = YES;
				SDKROOT = xros;
				SWIFT_ACTIVE_COMPILATION_CONDITIONS = "DEBUG $(inherited)";
				SWIFT_OPTIMIZATION_LEVEL = "-Onone";
				XROS_DEPLOYMENT_TARGET = 26.1;
			};
			name = Debug;
		};
		EA20CC7F2EB8B4E200555555 /* Release */ = {
			isa = XCBuildConfiguration;
			buildSettings = {
				ALWAYS_SEARCH_USER_PATHS = NO;
				ASSETCATALOG_COMPILER_GENERATE_SWIFT_ASSET_SYMBOL_EXTENSIONS = YES;
				CLANG_ANALYZER_NONNULL = YES;
				CLANG_ANALYZER_NUMBER_OBJECT_CONVERSION = YES_AGGRESSIVE;
				CLANG_CXX_LANGUAGE_STANDARD = "gnu++20";
				CLANG_ENABLE_MODULES = YES;
				CLANG_ENABLE_OBJC_ARC = YES;
				CLANG_ENABLE_OBJC_WEAK = YES;
				CLANG_WARN_BLOCK_CAPTURE_AUTORELEASING = YES;
				CLANG_WARN_BOOL_CONVERSION = YES;
				CLANG_WARN_COMMA = YES;
				CLANG_WARN_CONSTANT_CONVERSION = YES;
				CLANG_WARN_DEPRECATED_OBJC_IMPLEMENTATIONS = YES;
				CLANG_WARN_DIRECT_OBJC_ISA_USAGE = YES_ERROR;
				CLANG_WARN_DOCUMENTATION_COMMENTS = YES;
				CLANG_WARN_EMPTY_BODY = YES;
				CLANG_WARN_ENUM_CONVERSION = YES;
				CLANG_WARN_INFINITE_RECURSION = YES;
				CLANG_WARN_INT_CONVERSION = YES;
				CLANG_WARN_NON_LITERAL_NULL_CONVERSION = YES;
				CLANG_WARN_OBJC_IMPLICIT_RETAIN_SELF = YES;
				CLANG_WARN_OBJC_LITERAL_CONVERSION = YES;
				CLANG_WARN_OBJC_ROOT_CLASS = YES_ERROR;
				CLANG_WARN_QUOTED_INCLUDE_IN_FRAMEWORK_HEADER = YES;
				CLANG_WARN_RANGE_LOOP_ANALYSIS = YES;
				CLANG_WARN_STRICT_PROTOTYPES = YES;
				CLANG_WARN_SUSPICIOUS_MOVE = YES;
				CLANG_WARN_UNGUARDED_AVAILABILITY = YES_AGGRESSIVE;
				CLANG_WARN_UNREACHABLE_CODE = YES;
				CLANG_WARN__DUPLICATE_METHOD_MATCH = YES;
				COPY_PHASE_STRIP = NO;
				DEBUG_INFORMATION_FORMAT = "dwarf-with-dsym";
				DEVELOPMENT_TEAM = FPZK4WRGW7;
				ENABLE_NS_ASSERTIONS = NO;
				ENABLE_STRICT_OBJC_MSGSEND = YES;
				ENABLE_USER_SCRIPT_SANDBOXING = YES;
				GCC_C_LANGUAGE_STANDARD = gnu17;
				GCC_NO_COMMON_BLOCKS = YES;
				GCC_WARN_64_TO_32_BIT_CONVERSION = YES;
				GCC_WARN_ABOUT_RETURN_TYPE = YES_ERROR;
				GCC_WARN_UNDECLARED_SELECTOR = YES;
				GCC_WARN_UNINITIALIZED_AUTOS = YES_AGGRESSIVE;
				GCC_WARN_UNUSED_FUNCTION = YES;
				GCC_WARN_UNUSED_VARIABLE = YES;
				LOCALIZATION_PREFERS_STRING_CATALOGS = YES;
				MTL_ENABLE_DEBUG_INFO = NO;
				MTL_FAST_MATH = YES;
				SDKROOT = xros;
				SWIFT_COMPILATION_MODE = wholemodule;
				VALIDATE_PRODUCT = YES;
				XROS_DEPLOYMENT_TARGET = 26.1;
			};
			name = Release;
		};
/* End XCBuildConfiguration section */

/* Begin XCConfigurationList section */
		EA10E7952ED4651000E3CCD0 /* Build configuration list for PBXNativeTarget "MetalLighting" */ = {
			isa = XCConfigurationList;
			buildConfigurations = (
				EA10E7922ED4651000E3CCD0 /* Debug */,
				EA10E7932ED4651000E3CCD0 /* Release */,
			);
			defaultConfigurationIsVisible = 0;
			defaultConfigurationName = Release;
		};
		EA20CC652EB8B4E000555555 /* Build configuration list for PBXProject "MetalProjectionForRealityKit" */ = {
			isa = XCConfigurationList;
			buildConfigurations = (
				EA20CC7E2EB8B4E200555555 /* Debug */,
				EA20CC7F2EB8B4E200555555 /* Release */,
			);
			defaultConfigurationIsVisible = 0;
			defaultConfigurationName = Release;
		};
		EA20CC7B2EB8B4E200555555 /* Build configuration list for PBXNativeTarget "MetalProjectionForRealityKit" */ = {
			isa = XCConfigurationList;
			buildConfigurations = (
				EA20CC7C2EB8B4E200555555 /* Debug */,
				EA20CC7D2EB8B4E200555555 /* Release */,
			);
			defaultConfigurationIsVisible = 0;
			defaultConfigurationName = Release;
		};
/* End XCConfigurationList section */

/* Begin XCRemoteSwiftPackageReference section */
		EA00AB472EB8D4480025B081 /* XCRemoteSwiftPackageReference "ShaderGraphCoder" */ = {
			isa = XCRemoteSwiftPackageReference;
			repositoryURL = "https://github.com/banjun/ShaderGraphCoder";
			requirement = {
				branch = macos;
				kind = branch;
			};
		};
/* End XCRemoteSwiftPackageReference section */

/* Begin XCSwiftPackageProductDependency section */
		EA00AB482EB8D4480025B081 /* ShaderGraphCoder */ = {
			isa = XCSwiftPackageProductDependency;
			package = EA00AB472EB8D4480025B081 /* XCRemoteSwiftPackageReference "ShaderGraphCoder" */;
			productName = ShaderGraphCoder;
		};
		EA20CC6F2EB8B4E000555555 /* RealityKitContent */ = {
			isa = XCSwiftPackageProductDependency;
			productName = RealityKitContent;
		};
		EA22AC822F01730000C5F1D2 /* MetalProjection */ = {
			isa = XCSwiftPackageProductDependency;
			productName = MetalProjection;
		};
		EA7F78172ED486EE00459707 /* ShaderGraphCoder */ = {
			isa = XCSwiftPackageProductDependency;
			package = EA00AB472EB8D4480025B081 /* XCRemoteSwiftPackageReference "ShaderGraphCoder" */;
			productName = ShaderGraphCoder;
		};
/* End XCSwiftPackageProductDependency section */
	};
	rootObject = EA20CC622EB8B4E000555555 /* Project object */;
}
